
Microsoft Visual Studio Solution File, Format Version 12.00
# Visual Studio 15
VisualStudioVersion = 15.0.28307.779
MinimumVisualStudioVersion = 10.0.40219.1
Project("{FAE04EC0-301F-11D3-BF4B-00C04F79EFBC}") = "SimonSaysApp", "SimonSaysApp\SimonSaysApp.csproj", "{86955E11-3285-47EF-BC5B-6D2E822E31C7}"
EndProject
Global
	GlobalSection(SolutionConfigurationPlatforms) = preSolution
		Debug|Any CPU = Debug|Any CPU
		Release|Any CPU = Release|Any CPU
	EndGlobalSection
	GlobalSection(ProjectConfigurationPlatforms) = postSolution
		{86955E11-3285-47EF-BC5B-6D2E822E31C7}.Debug|Any CPU.ActiveCfg = Debug|Any CPU
		{86955E11-3285-47EF-BC5B-6D2E822E31C7}.Debug|Any CPU.Build.0 = Debug|Any CPU
		{86955E11-3285-47EF-BC5B-6D2E822E31C7}.Release|Any CPU.ActiveCfg = Release|Any CPU
		{86955E11-3285-47EF-BC5B-6D2E822E31C7}.Release|Any CPU.Build.0 = Release|Any CPU
	EndGlobalSection
	GlobalSection(SolutionProperties) = preSolution
		HideSolutionNode = FALSE
	EndGlobalSection
	GlobalSection(ExtensibilityGlobals) = postSolution
		SolutionGuid = {5F32C472-E8C5-4FD3-A6AF-CD1140A10DA1}
	EndGlobalSection
EndGlobal
